
Microsoft Visual Studio Solution File, Format Version 12.00
# Visual Studio Version 17
VisualStudioVersion = 17.1.32210.238
MinimumVisualStudioVersion = 10.0.40219.1
Project("{9A19103F-16F7-4668-BE54-9A1E7A4F7556}") = "LazyMagicCLI", "LazyMagicCLI\LazyMagicCLI.csproj", "{BE6CA57D-AC53-4F56-B965-078AFC8F7BAE}"
EndProject
Project("{FAE04EC0-301F-11D3-BF4B-00C04F79EFBC}") = "LazyMagicVsExt", "LazyMagicVsExt\LazyMagicVsExt.csproj", "{48BACE91-8D54-4CFC-919A-5CE3DDE099C6}"
EndProject
Project("{2150E333-8FDC-42A3-9474-1A3956D46DE8}") = "Solution Items", "Solution Items", "{6B3576B2-110D-4823-8699-5E48B4917F45}"
	ProjectSection(SolutionItems) = preProject
		.gitignore = .gitignore
		CommonPackageHandling.targets = CommonPackageHandling.targets
		Directory.Packages.props = Directory.Packages.props
		LazyMagicVsExt.vsix = LazyMagicVsExt.vsix
		LazyMagicVsExt\LICENSE.txt = LazyMagicVsExt\LICENSE.txt
		.github\workflows\publish-nuget.yaml = .github\workflows\publish-nuget.yaml
		README.md = README.md
		Version.props = Version.props
	EndProjectSection
EndProject
Project("{9A19103F-16F7-4668-BE54-9A1E7A4F7556}") = "LazyMagicGenerator", "LazyMagicGenerator\LazyMagicGenerator.csproj", "{DAD19A42-D63E-46AD-9839-9FFA316D8E74}"
EndProject
Project("{FAE04EC0-301F-11D3-BF4B-00C04F79EFBC}") = "TestDirectiveValidation", "TestDirectiveValidation\TestDirectiveValidation.csproj", "{B312A121-2E0D-413E-83A3-88EF671A33D6}"
EndProject
Project("{FAE04EC0-301F-11D3-BF4B-00C04F79EFBC}") = "LazyMagicGenerator.Test", "LazyMagicGenerator.Test\LazyMagicGenerator.Test.csproj", "{67351979-1B61-4B35-B6A3-ADCF4E188E12}"
EndProject
Global
	GlobalSection(SolutionConfigurationPlatforms) = preSolution
		Debug|Any CPU = Debug|Any CPU
		Debug|arm64 = Debug|arm64
		Debug|x64 = Debug|x64
		Debug|x86 = Debug|x86
		Debug-MONO|Any CPU = Debug-MONO|Any CPU
		Debug-MONO|arm64 = Debug-MONO|arm64
		Debug-MONO|x64 = Debug-MONO|x64
		Debug-MONO|x86 = Debug-MONO|x86
		MachineIndependent|Any CPU = MachineIndependent|Any CPU
		MachineIndependent|arm64 = MachineIndependent|arm64
		MachineIndependent|x64 = MachineIndependent|x64
		MachineIndependent|x86 = MachineIndependent|x86
		Release|Any CPU = Release|Any CPU
		Release|arm64 = Release|arm64
		Release|x64 = Release|x64
		Release|x86 = Release|x86
		Release-MONO|Any CPU = Release-MONO|Any CPU
		Release-MONO|arm64 = Release-MONO|arm64
		Release-MONO|x64 = Release-MONO|x64
		Release-MONO|x86 = Release-MONO|x86
	EndGlobalSection
	GlobalSection(ProjectConfigurationPlatforms) = postSolution
		{BE6CA57D-AC53-4F56-B965-078AFC8F7BAE}.Debug|Any CPU.ActiveCfg = Debug|Any CPU
		{BE6CA57D-AC53-4F56-B965-078AFC8F7BAE}.Debug|Any CPU.Build.0 = Debug|Any CPU
		{BE6CA57D-AC53-4F56-B965-078AFC8F7BAE}.Debug|arm64.ActiveCfg = Debug|Any CPU
		{BE6CA57D-AC53-4F56-B965-078AFC8F7BAE}.Debug|arm64.Build.0 = Debug|Any CPU
		{BE6CA57D-AC53-4F56-B965-078AFC8F7BAE}.Debug|x64.ActiveCfg = Debug|Any CPU
		{BE6CA57D-AC53-4F56-B965-078AFC8F7BAE}.Debug|x64.Build.0 = Debug|Any CPU
		{BE6CA57D-AC53-4F56-B965-078AFC8F7BAE}.Debug|x86.ActiveCfg = Debug|Any CPU
		{BE6CA57D-AC53-4F56-B965-078AFC8F7BAE}.Debug|x86.Build.0 = Debug|Any CPU
		{BE6CA57D-AC53-4F56-B965-078AFC8F7BAE}.Debug-MONO|Any CPU.ActiveCfg = Debug|Any CPU
		{BE6CA57D-AC53-4F56-B965-078AFC8F7BAE}.Debug-MONO|Any CPU.Build.0 = Debug|Any CPU
		{BE6CA57D-AC53-4F56-B965-078AFC8F7BAE}.Debug-MONO|arm64.ActiveCfg = Debug|Any CPU
		{BE6CA57D-AC53-4F56-B965-078AFC8F7BAE}.Debug-MONO|arm64.Build.0 = Debug|Any CPU
		{BE6CA57D-AC53-4F56-B965-078AFC8F7BAE}.Debug-MONO|x64.ActiveCfg = Debug|Any CPU
		{BE6CA57D-AC53-4F56-B965-078AFC8F7BAE}.Debug-MONO|x64.Build.0 = Debug|Any CPU
		{BE6CA57D-AC53-4F56-B965-078AFC8F7BAE}.Debug-MONO|x86.ActiveCfg = Debug|Any CPU
		{BE6CA57D-AC53-4F56-B965-078AFC8F7BAE}.Debug-MONO|x86.Build.0 = Debug|Any CPU
		{BE6CA57D-AC53-4F56-B965-078AFC8F7BAE}.MachineIndependent|Any CPU.ActiveCfg = Release|Any CPU
		{BE6CA57D-AC53-4F56-B965-078AFC8F7BAE}.MachineIndependent|Any CPU.Build.0 = Release|Any CPU
		{BE6CA57D-AC53-4F56-B965-078AFC8F7BAE}.MachineIndependent|arm64.ActiveCfg = Release|Any CPU
		{BE6CA57D-AC53-4F56-B965-078AFC8F7BAE}.MachineIndependent|arm64.Build.0 = Release|Any CPU
		{BE6CA57D-AC53-4F56-B965-078AFC8F7BAE}.MachineIndependent|x64.ActiveCfg = Release|Any CPU
		{BE6CA57D-AC53-4F56-B965-078AFC8F7BAE}.MachineIndependent|x64.Build.0 = Release|Any CPU
		{BE6CA57D-AC53-4F56-B965-078AFC8F7BAE}.MachineIndependent|x86.ActiveCfg = Release|Any CPU
		{BE6CA57D-AC53-4F56-B965-078AFC8F7BAE}.MachineIndependent|x86.Build.0 = Release|Any CPU
		{BE6CA57D-AC53-4F56-B965-078AFC8F7BAE}.Release|Any CPU.ActiveCfg = Release|Any CPU
		{BE6CA57D-AC53-4F56-B965-078AFC8F7BAE}.Release|Any CPU.Build.0 = Release|Any CPU
		{BE6CA57D-AC53-4F56-B965-078AFC8F7BAE}.Release|arm64.ActiveCfg = Release|Any CPU
		{BE6CA57D-AC53-4F56-B965-078AFC8F7BAE}.Release|arm64.Build.0 = Release|Any CPU
		{BE6CA57D-AC53-4F56-B965-078AFC8F7BAE}.Release|x64.ActiveCfg = Release|Any CPU
		{BE6CA57D-AC53-4F56-B965-078AFC8F7BAE}.Release|x64.Build.0 = Release|Any CPU
		{BE6CA57D-AC53-4F56-B965-078AFC8F7BAE}.Release|x86.ActiveCfg = Release|Any CPU
		{BE6CA57D-AC53-4F56-B965-078AFC8F7BAE}.Release|x86.Build.0 = Release|Any CPU
		{BE6CA57D-AC53-4F56-B965-078AFC8F7BAE}.Release-MONO|Any CPU.ActiveCfg = Release|Any CPU
		{BE6CA57D-AC53-4F56-B965-078AFC8F7BAE}.Release-MONO|Any CPU.Build.0 = Release|Any CPU
		{BE6CA57D-AC53-4F56-B965-078AFC8F7BAE}.Release-MONO|arm64.ActiveCfg = Release|Any CPU
		{BE6CA57D-AC53-4F56-B965-078AFC8F7BAE}.Release-MONO|arm64.Build.0 = Release|Any CPU
		{BE6CA57D-AC53-4F56-B965-078AFC8F7BAE}.Release-MONO|x64.ActiveCfg = Release|Any CPU
		{BE6CA57D-AC53-4F56-B965-078AFC8F7BAE}.Release-MONO|x64.Build.0 = Release|Any CPU
		{BE6CA57D-AC53-4F56-B965-078AFC8F7BAE}.Release-MONO|x86.ActiveCfg = Release|Any CPU
		{BE6CA57D-AC53-4F56-B965-078AFC8F7BAE}.Release-MONO|x86.Build.0 = Release|Any CPU
		{48BACE91-8D54-4CFC-919A-5CE3DDE099C6}.Debug|Any CPU.ActiveCfg = Debug|Any CPU
		{48BACE91-8D54-4CFC-919A-5CE3DDE099C6}.Debug|Any CPU.Build.0 = Debug|Any CPU
		{48BACE91-8D54-4CFC-919A-5CE3DDE099C6}.Debug|arm64.ActiveCfg = Debug|Any CPU
		{48BACE91-8D54-4CFC-919A-5CE3DDE099C6}.Debug|arm64.Build.0 = Debug|Any CPU
		{48BACE91-8D54-4CFC-919A-5CE3DDE099C6}.Debug|x64.ActiveCfg = Debug|Any CPU
		{48BACE91-8D54-4CFC-919A-5CE3DDE099C6}.Debug|x64.Build.0 = Debug|Any CPU
		{48BACE91-8D54-4CFC-919A-5CE3DDE099C6}.Debug|x86.ActiveCfg = Debug|x86
		{48BACE91-8D54-4CFC-919A-5CE3DDE099C6}.Debug|x86.Build.0 = Debug|x86
		{48BACE91-8D54-4CFC-919A-5CE3DDE099C6}.Debug-MONO|Any CPU.ActiveCfg = Debug|Any CPU
		{48BACE91-8D54-4CFC-919A-5CE3DDE099C6}.Debug-MONO|Any CPU.Build.0 = Debug|Any CPU
		{48BACE91-8D54-4CFC-919A-5CE3DDE099C6}.Debug-MONO|arm64.ActiveCfg = Debug|Any CPU
		{48BACE91-8D54-4CFC-919A-5CE3DDE099C6}.Debug-MONO|arm64.Build.0 = Debug|Any CPU
		{48BACE91-8D54-4CFC-919A-5CE3DDE099C6}.Debug-MONO|x64.ActiveCfg = Debug|Any CPU
		{48BACE91-8D54-4CFC-919A-5CE3DDE099C6}.Debug-MONO|x64.Build.0 = Debug|Any CPU
		{48BACE91-8D54-4CFC-919A-5CE3DDE099C6}.Debug-MONO|x86.ActiveCfg = Debug|x86
		{48BACE91-8D54-4CFC-919A-5CE3DDE099C6}.Debug-MONO|x86.Build.0 = Debug|x86
		{48BACE91-8D54-4CFC-919A-5CE3DDE099C6}.MachineIndependent|Any CPU.ActiveCfg = Release|Any CPU
		{48BACE91-8D54-4CFC-919A-5CE3DDE099C6}.MachineIndependent|Any CPU.Build.0 = Release|Any CPU
		{48BACE91-8D54-4CFC-919A-5CE3DDE099C6}.MachineIndependent|arm64.ActiveCfg = Release|Any CPU
		{48BACE91-8D54-4CFC-919A-5CE3DDE099C6}.MachineIndependent|arm64.Build.0 = Release|Any CPU
		{48BACE91-8D54-4CFC-919A-5CE3DDE099C6}.MachineIndependent|x64.ActiveCfg = Release|Any CPU
		{48BACE91-8D54-4CFC-919A-5CE3DDE099C6}.MachineIndependent|x64.Build.0 = Release|Any CPU
		{48BACE91-8D54-4CFC-919A-5CE3DDE099C6}.MachineIndependent|x86.ActiveCfg = Debug|x86
		{48BACE91-8D54-4CFC-919A-5CE3DDE099C6}.MachineIndependent|x86.Build.0 = Debug|x86
		{48BACE91-8D54-4CFC-919A-5CE3DDE099C6}.Release|Any CPU.ActiveCfg = Release|Any CPU
		{48BACE91-8D54-4CFC-919A-5CE3DDE099C6}.Release|Any CPU.Build.0 = Release|Any CPU
		{48BACE91-8D54-4CFC-919A-5CE3DDE099C6}.Release|arm64.ActiveCfg = Release|Any CPU
		{48BACE91-8D54-4CFC-919A-5CE3DDE099C6}.Release|arm64.Build.0 = Release|Any CPU
		{48BACE91-8D54-4CFC-919A-5CE3DDE099C6}.Release|x64.ActiveCfg = Release|Any CPU
		{48BACE91-8D54-4CFC-919A-5CE3DDE099C6}.Release|x64.Build.0 = Release|Any CPU
		{48BACE91-8D54-4CFC-919A-5CE3DDE099C6}.Release|x86.ActiveCfg = Release|x86
		{48BACE91-8D54-4CFC-919A-5CE3DDE099C6}.Release|x86.Build.0 = Release|x86
		{48BACE91-8D54-4CFC-919A-5CE3DDE099C6}.Release-MONO|Any CPU.ActiveCfg = Release|Any CPU
		{48BACE91-8D54-4CFC-919A-5CE3DDE099C6}.Release-MONO|Any CPU.Build.0 = Release|Any CPU
		{48BACE91-8D54-4CFC-919A-5CE3DDE099C6}.Release-MONO|arm64.ActiveCfg = Release|Any CPU
		{48BACE91-8D54-4CFC-919A-5CE3DDE099C6}.Release-MONO|arm64.Build.0 = Release|Any CPU
		{48BACE91-8D54-4CFC-919A-5CE3DDE099C6}.Release-MONO|x64.ActiveCfg = Release|Any CPU
		{48BACE91-8D54-4CFC-919A-5CE3DDE099C6}.Release-MONO|x64.Build.0 = Release|Any CPU
		{48BACE91-8D54-4CFC-919A-5CE3DDE099C6}.Release-MONO|x86.ActiveCfg = Release|x86
		{48BACE91-8D54-4CFC-919A-5CE3DDE099C6}.Release-MONO|x86.Build.0 = Release|x86
		{DAD19A42-D63E-46AD-9839-9FFA316D8E74}.Debug|Any CPU.ActiveCfg = Debug|Any CPU
		{DAD19A42-D63E-46AD-9839-9FFA316D8E74}.Debug|Any CPU.Build.0 = Debug|Any CPU
		{DAD19A42-D63E-46AD-9839-9FFA316D8E74}.Debug|arm64.ActiveCfg = Debug|Any CPU
		{DAD19A42-D63E-46AD-9839-9FFA316D8E74}.Debug|arm64.Build.0 = Debug|Any CPU
		{DAD19A42-D63E-46AD-9839-9FFA316D8E74}.Debug|x64.ActiveCfg = Debug|Any CPU
		{DAD19A42-D63E-46AD-9839-9FFA316D8E74}.Debug|x64.Build.0 = Debug|Any CPU
		{DAD19A42-D63E-46AD-9839-9FFA316D8E74}.Debug|x86.ActiveCfg = Debug|Any CPU
		{DAD19A42-D63E-46AD-9839-9FFA316D8E74}.Debug|x86.Build.0 = Debug|Any CPU
		{DAD19A42-D63E-46AD-9839-9FFA316D8E74}.Debug-MONO|Any CPU.ActiveCfg = Debug|Any CPU
		{DAD19A42-D63E-46AD-9839-9FFA316D8E74}.Debug-MONO|Any CPU.Build.0 = Debug|Any CPU
		{DAD19A42-D63E-46AD-9839-9FFA316D8E74}.Debug-MONO|arm64.ActiveCfg = Debug|Any CPU
		{DAD19A42-D63E-46AD-9839-9FFA316D8E74}.Debug-MONO|arm64.Build.0 = Debug|Any CPU
		{DAD19A42-D63E-46AD-9839-9FFA316D8E74}.Debug-MONO|x64.ActiveCfg = Debug|Any CPU
		{DAD19A42-D63E-46AD-9839-9FFA316D8E74}.Debug-MONO|x64.Build.0 = Debug|Any CPU
		{DAD19A42-D63E-46AD-9839-9FFA316D8E74}.Debug-MONO|x86.ActiveCfg = Debug|Any CPU
		{DAD19A42-D63E-46AD-9839-9FFA316D8E74}.Debug-MONO|x86.Build.0 = Debug|Any CPU
		{DAD19A42-D63E-46AD-9839-9FFA316D8E74}.MachineIndependent|Any CPU.ActiveCfg = Debug|Any CPU
		{DAD19A42-D63E-46AD-9839-9FFA316D8E74}.MachineIndependent|Any CPU.Build.0 = Debug|Any CPU
		{DAD19A42-D63E-46AD-9839-9FFA316D8E74}.MachineIndependent|arm64.ActiveCfg = Debug|Any CPU
		{DAD19A42-D63E-46AD-9839-9FFA316D8E74}.MachineIndependent|arm64.Build.0 = Debug|Any CPU
		{DAD19A42-D63E-46AD-9839-9FFA316D8E74}.MachineIndependent|x64.ActiveCfg = Debug|Any CPU
		{DAD19A42-D63E-46AD-9839-9FFA316D8E74}.MachineIndependent|x64.Build.0 = Debug|Any CPU
		{DAD19A42-D63E-46AD-9839-9FFA316D8E74}.MachineIndependent|x86.ActiveCfg = Debug|Any CPU
		{DAD19A42-D63E-46AD-9839-9FFA316D8E74}.MachineIndependent|x86.Build.0 = Debug|Any CPU
		{DAD19A42-D63E-46AD-9839-9FFA316D8E74}.Release|Any CPU.ActiveCfg = Release|Any CPU
		{DAD19A42-D63E-46AD-9839-9FFA316D8E74}.Release|Any CPU.Build.0 = Release|Any CPU
		{DAD19A42-D63E-46AD-9839-9FFA316D8E74}.Release|arm64.ActiveCfg = Release|Any CPU
		{DAD19A42-D63E-46AD-9839-9FFA316D8E74}.Release|arm64.Build.0 = Release|Any CPU
		{DAD19A42-D63E-46AD-9839-9FFA316D8E74}.Release|x64.ActiveCfg = Release|Any CPU
		{DAD19A42-D63E-46AD-9839-9FFA316D8E74}.Release|x64.Build.0 = Release|Any CPU
		{DAD19A42-D63E-46AD-9839-9FFA316D8E74}.Release|x86.ActiveCfg = Release|Any CPU
		{DAD19A42-D63E-46AD-9839-9FFA316D8E74}.Release|x86.Build.0 = Release|Any CPU
		{DAD19A42-D63E-46AD-9839-9FFA316D8E74}.Release-MONO|Any CPU.ActiveCfg = Release|Any CPU
		{DAD19A42-D63E-46AD-9839-9FFA316D8E74}.Release-MONO|Any CPU.Build.0 = Release|Any CPU
		{DAD19A42-D63E-46AD-9839-9FFA316D8E74}.Release-MONO|arm64.ActiveCfg = Release|Any CPU
		{DAD19A42-D63E-46AD-9839-9FFA316D8E74}.Release-MONO|arm64.Build.0 = Release|Any CPU
		{DAD19A42-D63E-46AD-9839-9FFA316D8E74}.Release-MONO|x64.ActiveCfg = Release|Any CPU
		{DAD19A42-D63E-46AD-9839-9FFA316D8E74}.Release-MONO|x64.Build.0 = Release|Any CPU
		{DAD19A42-D63E-46AD-9839-9FFA316D8E74}.Release-MONO|x86.ActiveCfg = Release|Any CPU
		{DAD19A42-D63E-46AD-9839-9FFA316D8E74}.Release-MONO|x86.Build.0 = Release|Any CPU
		{B312A121-2E0D-413E-83A3-88EF671A33D6}.Debug|Any CPU.ActiveCfg = Debug|Any CPU
		{B312A121-2E0D-413E-83A3-88EF671A33D6}.Debug|Any CPU.Build.0 = Debug|Any CPU
		{B312A121-2E0D-413E-83A3-88EF671A33D6}.Debug|arm64.ActiveCfg = Debug|Any CPU
		{B312A121-2E0D-413E-83A3-88EF671A33D6}.Debug|arm64.Build.0 = Debug|Any CPU
		{B312A121-2E0D-413E-83A3-88EF671A33D6}.Debug|x64.ActiveCfg = Debug|Any CPU
		{B312A121-2E0D-413E-83A3-88EF671A33D6}.Debug|x64.Build.0 = Debug|Any CPU
		{B312A121-2E0D-413E-83A3-88EF671A33D6}.Debug|x86.ActiveCfg = Debug|Any CPU
		{B312A121-2E0D-413E-83A3-88EF671A33D6}.Debug|x86.Build.0 = Debug|Any CPU
		{B312A121-2E0D-413E-83A3-88EF671A33D6}.Debug-MONO|Any CPU.ActiveCfg = Debug|Any CPU
		{B312A121-2E0D-413E-83A3-88EF671A33D6}.Debug-MONO|Any CPU.Build.0 = Debug|Any CPU
		{B312A121-2E0D-413E-83A3-88EF671A33D6}.Debug-MONO|arm64.ActiveCfg = Debug|Any CPU
		{B312A121-2E0D-413E-83A3-88EF671A33D6}.Debug-MONO|arm64.Build.0 = Debug|Any CPU
		{B312A121-2E0D-413E-83A3-88EF671A33D6}.Debug-MONO|x64.ActiveCfg = Debug|Any CPU
		{B312A121-2E0D-413E-83A3-88EF671A33D6}.Debug-MONO|x64.Build.0 = Debug|Any CPU
		{B312A121-2E0D-413E-83A3-88EF671A33D6}.Debug-MONO|x86.ActiveCfg = Debug|Any CPU
		{B312A121-2E0D-413E-83A3-88EF671A33D6}.Debug-MONO|x86.Build.0 = Debug|Any CPU
		{B312A121-2E0D-413E-83A3-88EF671A33D6}.MachineIndependent|Any CPU.ActiveCfg = Debug|Any CPU
		{B312A121-2E0D-413E-83A3-88EF671A33D6}.MachineIndependent|Any CPU.Build.0 = Debug|Any CPU
		{B312A121-2E0D-413E-83A3-88EF671A33D6}.MachineIndependent|arm64.ActiveCfg = Debug|Any CPU
		{B312A121-2E0D-413E-83A3-88EF671A33D6}.MachineIndependent|arm64.Build.0 = Debug|Any CPU
		{B312A121-2E0D-413E-83A3-88EF671A33D6}.MachineIndependent|x64.ActiveCfg = Debug|Any CPU
		{B312A121-2E0D-413E-83A3-88EF671A33D6}.MachineIndependent|x64.Build.0 = Debug|Any CPU
		{B312A121-2E0D-413E-83A3-88EF671A33D6}.MachineIndependent|x86.ActiveCfg = Debug|Any CPU
		{B312A121-2E0D-413E-83A3-88EF671A33D6}.MachineIndependent|x86.Build.0 = Debug|Any CPU
		{B312A121-2E0D-413E-83A3-88EF671A33D6}.Release|Any CPU.ActiveCfg = Release|Any CPU
		{B312A121-2E0D-413E-83A3-88EF671A33D6}.Release|Any CPU.Build.0 = Release|Any CPU
		{B312A121-2E0D-413E-83A3-88EF671A33D6}.Release|arm64.ActiveCfg = Release|Any CPU
		{B312A121-2E0D-413E-83A3-88EF671A33D6}.Release|arm64.Build.0 = Release|Any CPU
		{B312A121-2E0D-413E-83A3-88EF671A33D6}.Release|x64.ActiveCfg = Release|Any CPU
		{B312A121-2E0D-413E-83A3-88EF671A33D6}.Release|x64.Build.0 = Release|Any CPU
		{B312A121-2E0D-413E-83A3-88EF671A33D6}.Release|x86.ActiveCfg = Release|Any CPU
		{B312A121-2E0D-413E-83A3-88EF671A33D6}.Release|x86.Build.0 = Release|Any CPU
		{B312A121-2E0D-413E-83A3-88EF671A33D6}.Release-MONO|Any CPU.ActiveCfg = Release|Any CPU
		{B312A121-2E0D-413E-83A3-88EF671A33D6}.Release-MONO|Any CPU.Build.0 = Release|Any CPU
		{B312A121-2E0D-413E-83A3-88EF671A33D6}.Release-MONO|arm64.ActiveCfg = Release|Any CPU
		{B312A121-2E0D-413E-83A3-88EF671A33D6}.Release-MONO|arm64.Build.0 = Release|Any CPU
		{B312A121-2E0D-413E-83A3-88EF671A33D6}.Release-MONO|x64.ActiveCfg = Release|Any CPU
		{B312A121-2E0D-413E-83A3-88EF671A33D6}.Release-MONO|x64.Build.0 = Release|Any CPU
		{B312A121-2E0D-413E-83A3-88EF671A33D6}.Release-MONO|x86.ActiveCfg = Release|Any CPU
		{B312A121-2E0D-413E-83A3-88EF671A33D6}.Release-MONO|x86.Build.0 = Release|Any CPU
		{67351979-1B61-4B35-B6A3-ADCF4E188E12}.Debug|Any CPU.ActiveCfg = Debug|Any CPU
		{67351979-1B61-4B35-B6A3-ADCF4E188E12}.Debug|Any CPU.Build.0 = Debug|Any CPU
		{67351979-1B61-4B35-B6A3-ADCF4E188E12}.Debug|arm64.ActiveCfg = Debug|Any CPU
		{67351979-1B61-4B35-B6A3-ADCF4E188E12}.Debug|arm64.Build.0 = Debug|Any CPU
		{67351979-1B61-4B35-B6A3-ADCF4E188E12}.Debug|x64.ActiveCfg = Debug|Any CPU
		{67351979-1B61-4B35-B6A3-ADCF4E188E12}.Debug|x64.Build.0 = Debug|Any CPU
		{67351979-1B61-4B35-B6A3-ADCF4E188E12}.Debug|x86.ActiveCfg = Debug|Any CPU
		{67351979-1B61-4B35-B6A3-ADCF4E188E12}.Debug|x86.Build.0 = Debug|Any CPU
		{67351979-1B61-4B35-B6A3-ADCF4E188E12}.Debug-MONO|Any CPU.ActiveCfg = Debug|Any CPU
		{67351979-1B61-4B35-B6A3-ADCF4E188E12}.Debug-MONO|Any CPU.Build.0 = Debug|Any CPU
		{67351979-1B61-4B35-B6A3-ADCF4E188E12}.Debug-MONO|arm64.ActiveCfg = Debug|Any CPU
		{67351979-1B61-4B35-B6A3-ADCF4E188E12}.Debug-MONO|arm64.Build.0 = Debug|Any CPU
		{67351979-1B61-4B35-B6A3-ADCF4E188E12}.Debug-MONO|x64.ActiveCfg = Debug|Any CPU
		{67351979-1B61-4B35-B6A3-ADCF4E188E12}.Debug-MONO|x64.Build.0 = Debug|Any CPU
		{67351979-1B61-4B35-B6A3-ADCF4E188E12}.Debug-MONO|x86.ActiveCfg = Debug|Any CPU
		{67351979-1B61-4B35-B6A3-ADCF4E188E12}.Debug-MONO|x86.Build.0 = Debug|Any CPU
		{67351979-1B61-4B35-B6A3-ADCF4E188E12}.MachineIndependent|Any CPU.ActiveCfg = Release|Any CPU
		{67351979-1B61-4B35-B6A3-ADCF4E188E12}.MachineIndependent|Any CPU.Build.0 = Release|Any CPU
		{67351979-1B61-4B35-B6A3-ADCF4E188E12}.MachineIndependent|arm64.ActiveCfg = Release|Any CPU
		{67351979-1B61-4B35-B6A3-ADCF4E188E12}.MachineIndependent|arm64.Build.0 = Release|Any CPU
		{67351979-1B61-4B35-B6A3-ADCF4E188E12}.MachineIndependent|x64.ActiveCfg = Release|Any CPU
		{67351979-1B61-4B35-B6A3-ADCF4E188E12}.MachineIndependent|x64.Build.0 = Release|Any CPU
		{67351979-1B61-4B35-B6A3-ADCF4E188E12}.MachineIndependent|x86.ActiveCfg = Release|Any CPU
		{67351979-1B61-4B35-B6A3-ADCF4E188E12}.MachineIndependent|x86.Build.0 = Release|Any CPU
		{67351979-1B61-4B35-B6A3-ADCF4E188E12}.Release|Any CPU.ActiveCfg = Release|Any CPU
		{67351979-1B61-4B35-B6A3-ADCF4E188E12}.Release|Any CPU.Build.0 = Release|Any CPU
		{67351979-1B61-4B35-B6A3-ADCF4E188E12}.Release|arm64.ActiveCfg = Release|Any CPU
		{67351979-1B61-4B35-B6A3-ADCF4E188E12}.Release|arm64.Build.0 = Release|Any CPU
		{67351979-1B61-4B35-B6A3-ADCF4E188E12}.Release|x64.ActiveCfg = Release|Any CPU
		{67351979-1B61-4B35-B6A3-ADCF4E188E12}.Release|x64.Build.0 = Release|Any CPU
		{67351979-1B61-4B35-B6A3-ADCF4E188E12}.Release|x86.ActiveCfg = Release|Any CPU
		{67351979-1B61-4B35-B6A3-ADCF4E188E12}.Release|x86.Build.0 = Release|Any CPU
		{67351979-1B61-4B35-B6A3-ADCF4E188E12}.Release-MONO|Any CPU.ActiveCfg = Release|Any CPU
		{67351979-1B61-4B35-B6A3-ADCF4E188E12}.Release-MONO|Any CPU.Build.0 = Release|Any CPU
		{67351979-1B61-4B35-B6A3-ADCF4E188E12}.Release-MONO|arm64.ActiveCfg = Release|Any CPU
		{67351979-1B61-4B35-B6A3-ADCF4E188E12}.Release-MONO|arm64.Build.0 = Release|Any CPU
		{67351979-1B61-4B35-B6A3-ADCF4E188E12}.Release-MONO|x64.ActiveCfg = Release|Any CPU
		{67351979-1B61-4B35-B6A3-ADCF4E188E12}.Release-MONO|x64.Build.0 = Release|Any CPU
		{67351979-1B61-4B35-B6A3-ADCF4E188E12}.Release-MONO|x86.ActiveCfg = Release|Any CPU
		{67351979-1B61-4B35-B6A3-ADCF4E188E12}.Release-MONO|x86.Build.0 = Release|Any CPU
	EndGlobalSection
	GlobalSection(SolutionProperties) = preSolution
		HideSolutionNode = FALSE
	EndGlobalSection
	GlobalSection(ExtensibilityGlobals) = postSolution
		SolutionGuid = {104B9DA2-7333-47B8-B777-2AC9B92CF42E}
	EndGlobalSection
EndGlobal
